
Microsoft Visual Studio Solution File, Format Version 12.00
# Visual Studio Version 17
VisualStudioVersion = 17.7.34009.444
MinimumVisualStudioVersion = 10.0.40219.1
Project("{FAE04EC0-301F-11D3-BF4B-00C04F79EFBC}") = "GaragemApi", "GaragemApi\GaragemApi.csproj", "{D3F15A6A-CD3C-40FF-AD5C-453F0C24CC54}"
EndProject
Global
	GlobalSection(SolutionConfigurationPlatforms) = preSolution
		Debug|Any CPU = Debug|Any CPU
		Release|Any CPU = Release|Any CPU
	EndGlobalSection
	GlobalSection(ProjectConfigurationPlatforms) = postSolution
		{D3F15A6A-CD3C-40FF-AD5C-453F0C24CC54}.Debug|Any CPU.ActiveCfg = Debug|Any CPU
		{D3F15A6A-CD3C-40FF-AD5C-453F0C24CC54}.Debug|Any CPU.Build.0 = Debug|Any CPU
		{D3F15A6A-CD3C-40FF-AD5C-453F0C24CC54}.Release|Any CPU.ActiveCfg = Release|Any CPU
		{D3F15A6A-CD3C-40FF-AD5C-453F0C24CC54}.Release|Any CPU.Build.0 = Release|Any CPU
	EndGlobalSection
	GlobalSection(SolutionProperties) = preSolution
		HideSolutionNode = FALSE
	EndGlobalSection
	GlobalSection(ExtensibilityGlobals) = postSolution
		SolutionGuid = {86F6D16F-7E66-44AF-82F1-FFACE639F577}
	EndGlobalSection
EndGlobal
